
Microsoft Visual Studio Solution File, Format Version 12.00
# Visual Studio 2013
VisualStudioVersion = 12.0.30501.0
MinimumVisualStudioVersion = 10.0.40219.1
Project("{FAE04EC0-301F-11D3-BF4B-00C04F79EFBC}") = "Web", "Web\Web.csproj", "{B829C6AD-7ECB-4CDF-B524-98667C07A08D}"
EndProject
Project("{FAE04EC0-301F-11D3-BF4B-00C04F79EFBC}") = "Rabbit.Bootstrap", "Rabbit.Bootstrap\Rabbit.Bootstrap.csproj", "{0CC10671-FA45-4BDA-862E-888E60B08DD0}"
EndProject
Global
	GlobalSection(TeamFoundationVersionControl) = preSolution
		SccNumberOfProjects = 3
		SccEnterpriseProvider = {4CA58AB2-18FA-4F8D-95D4-32DDF27D184C}
		SccTeamFoundationServer = https://tfs.codeplex.com/tfs/tfs17
		SccLocalPath0 = .
		SccProjectUniqueName1 = Rabbit.Bootstrap\\Rabbit.Bootstrap.csproj
		SccProjectName1 = Rabbit.Bootstrap
		SccLocalPath1 = Rabbit.Bootstrap
		SccProjectUniqueName2 = Web\\Web.csproj
		SccProjectName2 = Web
		SccLocalPath2 = Web
	EndGlobalSection
	GlobalSection(SolutionConfigurationPlatforms) = preSolution
		Debug|Any CPU = Debug|Any CPU
		Release|Any CPU = Release|Any CPU
	EndGlobalSection
	GlobalSection(ProjectConfigurationPlatforms) = postSolution
		{B829C6AD-7ECB-4CDF-B524-98667C07A08D}.Debug|Any CPU.ActiveCfg = Debug|Any CPU
		{B829C6AD-7ECB-4CDF-B524-98667C07A08D}.Debug|Any CPU.Build.0 = Debug|Any CPU
		{B829C6AD-7ECB-4CDF-B524-98667C07A08D}.Release|Any CPU.ActiveCfg = Release|Any CPU
		{B829C6AD-7ECB-4CDF-B524-98667C07A08D}.Release|Any CPU.Build.0 = Release|Any CPU
		{0CC10671-FA45-4BDA-862E-888E60B08DD0}.Debug|Any CPU.ActiveCfg = Debug|Any CPU
		{0CC10671-FA45-4BDA-862E-888E60B08DD0}.Debug|Any CPU.Build.0 = Debug|Any CPU
		{0CC10671-FA45-4BDA-862E-888E60B08DD0}.Release|Any CPU.ActiveCfg = Release|Any CPU
		{0CC10671-FA45-4BDA-862E-888E60B08DD0}.Release|Any CPU.Build.0 = Release|Any CPU
	EndGlobalSection
	GlobalSection(SolutionProperties) = preSolution
		HideSolutionNode = FALSE
	EndGlobalSection
EndGlobal
